# bench.lock — auto-generated by `dopbench`
# DO NOT EDIT.

stare = []

[meta]
locked_at = "2026-03-27T17:18:09.596608+00:00"
doppy_version = "0.5.11"

[run]
date = "2026-03-27T17:18:09.596619+00:00"
doppy_version = "0.5.11"
os = "macos"
arch = "x86_64"
os_version = "Darwin 24.6.0"
cpu = "Intel(R) Core(TM) i9-9880H CPU @ 2.30GHz"

[[raw]]
id = "uqjlv6"
site = "granada"
date = "2017-05-10"
instrument_uuid = "eadafa59-ffa6-48de-a244-9e54a05b90eb"
filename = "VAD_102_20170510_110255.hpl"
file_uuid = "19b520bf-e68e-499d-8760-fa48ea0bc1bb"
sha256 = "3db2128b133bc7418fc64186750def241a711017c98eb02aa7f38d0b570897fa"
elapsed_secs = 0.001576232

[[raw]]
id = "canwql"
site = "neumayer"
date = "2025-09-19"
instrument_uuid = "e166bb0b-5e92-46ce-adb8-73ed38ecc459"
filename = "User5_234_20250919_203500.hpl"
file_uuid = "17815bf5-5a71-40b9-9b85-180e453348b0"
sha256 = "d9c7364cba1bc7ae1677002810d1badffcce92efb960d2062a3cf330a5f4a161"
elapsed_secs = 0.001488343

[[raw]]
id = "1xz65s"
site = "chilbolton"
date = "2020-09-07"
instrument_uuid = "1e2e7dde-eda6-41e5-a946-751ce78262dd"
filename = "VAD_118_20200907_041953.hpl"
file_uuid = "3f68595a-ac64-48ff-9595-16e66220274e"
sha256 = "52807ec0e2abd9db46e6c35338867aab6a09d1cdbac7b01bf6f6c7ca5cb8827e"
elapsed_secs = 0.0032054

[[raw]]
id = "virmcw"
site = "hyytiala"
date = "2022-05-25"
instrument_uuid = "421272f2-19be-4f97-ac9d-d4d1479759d4"
filename = "Stare_46_20220525_23.hpl"
file_uuid = "2eba6f8b-9f9c-46a2-82d7-fcb17a4e65d4"
sha256 = "49e6a056bd5d94a208202c6f715a8bbe7266d9b03a96416a2006e7d617bd595e"
elapsed_secs = 0.016493806

[[raw]]
id = "feuqfw"
site = "leipzig-lim"
date = "2023-05-30"
instrument_uuid = "e7570f66-95ea-4afb-9d4d-997520ef4b71"
filename = "Stare_238_20230530_16.hpl"
file_uuid = "ba95004f-80b2-4ed1-872e-6b304a117ead"
sha256 = "e4b08d27aea368f72c6742195146583d8ba1295e99e5532e26dbb56c29e523b7"
elapsed_secs = 0.351290628

[[raw]]
id = "mubr0l"
site = "bucharest"
date = "2019-06-17"
instrument_uuid = "db58480f-58ca-49ad-995c-6c3b89e9a0fc"
filename = "Stare_158_20190617_00.hpl"
file_uuid = "b6541fc2-d55c-49aa-a7f1-02b0d419be3f"
sha256 = "e74116878f530bd2b5291be07dc6090b528a8e63ccb08053d12bbf473ba79d41"
elapsed_secs = 15.673808712
